{
  "name": "backend",
  "lockfileVersion": 3,
  "requires": true,
  "packages": {
    "": {
      "dependencies": {
        "@ckeditor/ckeditor5-upload": "^45.2.1",
        "dropzone": "^6.0.0-beta.2"
      }
    },
    "node_modules/@ckeditor/ckeditor5-adapter-ckfinder": {
      "version": "45.2.1",
      "resolved": "https://registry.npmjs.org/@ckeditor/ckeditor5-adapter-ckfinder/-/ckeditor5-adapter-ckfinder-45.2.1.tgz",
      "integrity": "sha512-lvXu5hc1wP0U2tTGm9wi8QoWrxnoPfR04A5br8u5cYzIbmyYDFcHgBWhWXjrDrjxVGDMSLgmrMtsw5gLhzE2yw==",
      "license": "SEE LICENSE IN LICENSE.md",
      "dependencies": {
        "@ckeditor/ckeditor5-core": "45.2.1",
        "@ckeditor/ckeditor5-upload": "45.2.1",
        "ckeditor5": "45.2.1"
      }
    },
    "node_modules/@ckeditor/ckeditor5-alignment": {
      "version": "45.2.1",
      "resolved": "https://registry.npmjs.org/@ckeditor/ckeditor5-alignment/-/ckeditor5-alignment-45.2.1.tgz",
      "integrity": "sha512-aYCxhuvur2vtgzhl8yw4OWqhjsNvqUBW5Lyk4SVcs+fVyaOxIYhjNw+9oVkAjryPT/wLVhXBHnQEBoG6hUuE8g==",
      "license": "SEE LICENSE IN LICENSE.md",
      "dependencies": {
        "@ckeditor/ckeditor5-core": "45.2.1",
        "@ckeditor/ckeditor5-icons": "45.2.1",
        "@ckeditor/ckeditor5-ui": "45.2.1",
        "@ckeditor/ckeditor5-utils": "45.2.1",
        "ckeditor5": "45.2.1"
      }
    },
    "node_modules/@ckeditor/ckeditor5-autoformat": {
      "version": "45.2.1",
      "resolved": "https://registry.npmjs.org/@ckeditor/ckeditor5-autoformat/-/ckeditor5-autoformat-45.2.1.tgz",
      "integrity": "sha512-0QsRJ+Oh3+3oAwG+KeuyPBnFArF4mzFk8RX277iqQInbIit63lds0pgejJGvXMrDcpUxo6RzmXKZPJEeps818Q==",
      "license": "SEE LICENSE IN LICENSE.md",
      "dependencies": {
        "@ckeditor/ckeditor5-core": "45.2.1",
        "@ckeditor/ckeditor5-engine": "45.2.1",
        "@ckeditor/ckeditor5-heading": "45.2.1",
        "@ckeditor/ckeditor5-typing": "45.2.1",
        "@ckeditor/ckeditor5-utils": "45.2.1",
        "ckeditor5": "45.2.1"
      }
    },
    "node_modules/@ckeditor/ckeditor5-autosave": {
      "version": "45.2.1",
      "resolved": "https://registry.npmjs.org/@ckeditor/ckeditor5-autosave/-/ckeditor5-autosave-45.2.1.tgz",
      "integrity": "sha512-XnK5Ktec5nQ12ianvf++zrxNpS9sjA2C/e9TTBcY3h99oMcdO7cbm0Yv9zzQNODQifdrHq/KXwAoWSYYNTjtiw==",
      "license": "SEE LICENSE IN LICENSE.md",
      "dependencies": {
        "@ckeditor/ckeditor5-core": "45.2.1",
        "@ckeditor/ckeditor5-utils": "45.2.1",
        "ckeditor5": "45.2.1",
        "es-toolkit": "1.32.0"
      }
    },
    "node_modules/@ckeditor/ckeditor5-basic-styles": {
      "version": "45.2.1",
      "resolved": "https://registry.npmjs.org/@ckeditor/ckeditor5-basic-styles/-/ckeditor5-basic-styles-45.2.1.tgz",
      "integrity": "sha512-PXnnddU8boF2PFziaodXrPYtLgEmWSjH9YaZMSFrcsf11RmqLJ3YjaJHfL94TFFQuK+Ey3pAIiT7d7EOjARBVw==",
      "license": "SEE LICENSE IN LICENSE.md",
      "dependencies": {
        "@ckeditor/ckeditor5-core": "45.2.1",
        "@ckeditor/ckeditor5-icons": "45.2.1",
        "@ckeditor/ckeditor5-typing": "45.2.1",
        "@ckeditor/ckeditor5-ui": "45.2.1",
        "@ckeditor/ckeditor5-utils": "45.2.1",
        "ckeditor5": "45.2.1"
      }
    },
    "node_modules/@ckeditor/ckeditor5-block-quote": {
      "version": "45.2.1",
      "resolved": "https://registry.npmjs.org/@ckeditor/ckeditor5-block-quote/-/ckeditor5-block-quote-45.2.1.tgz",
      "integrity": "sha512-H7x7EYwfK6M2v4n6VIp1PJ5YyZBnR6/vyqEiH7CQB5cN6IvgjxArXimD6BnIVYXgiwVGk89P4Lv0UZOe4zICYQ==",
      "license": "SEE LICENSE IN LICENSE.md",
      "dependencies": {
        "@ckeditor/ckeditor5-core": "45.2.1",
        "@ckeditor/ckeditor5-enter": "45.2.1",
        "@ckeditor/ckeditor5-icons": "45.2.1",
        "@ckeditor/ckeditor5-typing": "45.2.1",
        "@ckeditor/ckeditor5-ui": "45.2.1",
        "@ckeditor/ckeditor5-utils": "45.2.1",
        "ckeditor5": "45.2.1"
      }
    },
    "node_modules/@ckeditor/ckeditor5-bookmark": {
      "version": "45.2.1",
      "resolved": "https://registry.npmjs.org/@ckeditor/ckeditor5-bookmark/-/ckeditor5-bookmark-45.2.1.tgz",
      "integrity": "sha512-qJxadIb5d0dJWSA3pLC9Udo22tViqgg60LqvkjA7HPoP/NNx0YPaS5fmnb7nW03KaZo/58C8nc9DdvuO7LlWWw==",
      "license": "SEE LICENSE IN LICENSE.md",
      "dependencies": {
        "@ckeditor/ckeditor5-core": "45.2.1",
        "@ckeditor/ckeditor5-icons": "45.2.1",
        "@ckeditor/ckeditor5-link": "45.2.1",
        "@ckeditor/ckeditor5-ui": "45.2.1",
        "@ckeditor/ckeditor5-utils": "45.2.1",
        "@ckeditor/ckeditor5-widget": "45.2.1",
        "ckeditor5": "45.2.1"
      }
    },
    "node_modules/@ckeditor/ckeditor5-ckbox": {
      "version": "45.2.1",
      "resolved": "https://registry.npmjs.org/@ckeditor/ckeditor5-ckbox/-/ckeditor5-ckbox-45.2.1.tgz",
      "integrity": "sha512-v+2I5scbc6y4lnz9cbH/6FQRxpqJ1vymlSACFe6R9mH8aqIROHArIhofG6Bwd9LK6ksAMITO+He20fFWe0HJRA==",
      "license": "SEE LICENSE IN LICENSE.md",
      "dependencies": {
        "@ckeditor/ckeditor5-cloud-services": "45.2.1",
        "@ckeditor/ckeditor5-core": "45.2.1",
        "@ckeditor/ckeditor5-engine": "45.2.1",
        "@ckeditor/ckeditor5-icons": "45.2.1",
        "@ckeditor/ckeditor5-image": "45.2.1",
        "@ckeditor/ckeditor5-ui": "45.2.1",
        "@ckeditor/ckeditor5-upload": "45.2.1",
        "@ckeditor/ckeditor5-utils": "45.2.1",
        "blurhash": "2.0.5",
        "ckeditor5": "45.2.1",
        "es-toolkit": "1.32.0"
      }
    },
    "node_modules/@ckeditor/ckeditor5-ckfinder": {
      "version": "45.2.1",
      "resolved": "https://registry.npmjs.org/@ckeditor/ckeditor5-ckfinder/-/ckeditor5-ckfinder-45.2.1.tgz",
      "integrity": "sha512-LEgK9IM+ZX+WcE60kqyr1aMQQfH6HgUUIomly2b7InmIfwUBzIc37ef21WlFd/w+YSjwBjwRLG0W+oYVmx3SZg==",
      "license": "SEE LICENSE IN LICENSE.md",
      "dependencies": {
        "@ckeditor/ckeditor5-core": "45.2.1",
        "@ckeditor/ckeditor5-icons": "45.2.1",
        "@ckeditor/ckeditor5-image": "45.2.1",
        "@ckeditor/ckeditor5-ui": "45.2.1",
        "@ckeditor/ckeditor5-utils": "45.2.1",
        "ckeditor5": "45.2.1"
      }
    },
    "node_modules/@ckeditor/ckeditor5-clipboard": {
      "version": "45.2.1",
      "resolved": "https://registry.npmjs.org/@ckeditor/ckeditor5-clipboard/-/ckeditor5-clipboard-45.2.1.tgz",
      "integrity": "sha512-VEzCNHEzJO4B5Co4Q3YO06g7GThkSmgOWAFgQwa/BDKqT40/u36ccB7uYKsWzBMBRu3KsOWFk6sPSueQiMfmew==",
      "license": "SEE LICENSE IN LICENSE.md",
      "dependencies": {
        "@ckeditor/ckeditor5-core": "45.2.1",
        "@ckeditor/ckeditor5-engine": "45.2.1",
        "@ckeditor/ckeditor5-ui": "45.2.1",
        "@ckeditor/ckeditor5-utils": "45.2.1",
        "@ckeditor/ckeditor5-widget": "45.2.1",
        "es-toolkit": "1.32.0"
      }
    },
    "node_modules/@ckeditor/ckeditor5-cloud-services": {
      "version": "45.2.1",
      "resolved": "https://registry.npmjs.org/@ckeditor/ckeditor5-cloud-services/-/ckeditor5-cloud-services-45.2.1.tgz",
      "integrity": "sha512-LQDjKxScFAkgXiFB9fypqf3pj2ou63SgsTmt3aMuH/e5NGxGCbG9EodHWgFCg5cvGEXV+jC7JCrOquflti/yBg==",
      "license": "SEE LICENSE IN LICENSE.md",
      "dependencies": {
        "@ckeditor/ckeditor5-core": "45.2.1",
        "@ckeditor/ckeditor5-utils": "45.2.1",
        "ckeditor5": "45.2.1"
      }
    },
    "node_modules/@ckeditor/ckeditor5-code-block": {
      "version": "45.2.1",
      "resolved": "https://registry.npmjs.org/@ckeditor/ckeditor5-code-block/-/ckeditor5-code-block-45.2.1.tgz",
      "integrity": "sha512-/XmKP8lol6WHDK/wbxFJu3npH8WnbZC9Gt7kND8bnpfQTSVihZmtjOnSfmyo6jKTsXWB1eDUI4+JdKCdrgfd2A==",
      "license": "SEE LICENSE IN LICENSE.md",
      "dependencies": {
        "@ckeditor/ckeditor5-clipboard": "45.2.1",
        "@ckeditor/ckeditor5-core": "45.2.1",
        "@ckeditor/ckeditor5-engine": "45.2.1",
        "@ckeditor/ckeditor5-enter": "45.2.1",
        "@ckeditor/ckeditor5-icons": "45.2.1",
        "@ckeditor/ckeditor5-ui": "45.2.1",
        "@ckeditor/ckeditor5-utils": "45.2.1",
        "ckeditor5": "45.2.1"
      }
    },
    "node_modules/@ckeditor/ckeditor5-core": {
      "version": "45.2.1",
      "resolved": "https://registry.npmjs.org/@ckeditor/ckeditor5-core/-/ckeditor5-core-45.2.1.tgz",
      "integrity": "sha512-h32tw/50ampWiouysBEQLXbPSAV1QV4iUEFNQzJVSy9q9fnGy6hsLZNlTqA+bORHwhn8SL96+OcAcGUNOiWfEg==",
      "license": "SEE LICENSE IN LICENSE.md",
      "dependencies": {
        "@ckeditor/ckeditor5-engine": "45.2.1",
        "@ckeditor/ckeditor5-ui": "45.2.1",
        "@ckeditor/ckeditor5-utils": "45.2.1",
        "@ckeditor/ckeditor5-watchdog": "45.2.1",
        "es-toolkit": "1.32.0"
      }
    },
    "node_modules/@ckeditor/ckeditor5-easy-image": {
      "version": "45.2.1",
      "resolved": "https://registry.npmjs.org/@ckeditor/ckeditor5-easy-image/-/ckeditor5-easy-image-45.2.1.tgz",
      "integrity": "sha512-jPydqTv1pRWo+uYQQn+er/WH3z6R77Jn3w2hQGKy77Ku9j0gEp/YwODSTW/IeZDDHE7Bmrw1S5ULHoveX7k4lg==",
      "license": "SEE LICENSE IN LICENSE.md",
      "dependencies": {
        "@ckeditor/ckeditor5-cloud-services": "45.2.1",
        "@ckeditor/ckeditor5-core": "45.2.1",
        "@ckeditor/ckeditor5-upload": "45.2.1",
        "@ckeditor/ckeditor5-utils": "45.2.1",
        "ckeditor5": "45.2.1"
      }
    },
    "node_modules/@ckeditor/ckeditor5-editor-balloon": {
      "version": "45.2.1",
      "resolved": "https://registry.npmjs.org/@ckeditor/ckeditor5-editor-balloon/-/ckeditor5-editor-balloon-45.2.1.tgz",
      "integrity": "sha512-K/nNGeaBuD5MvaxamoZzv97LPzyb7n9t8FiScmXIpgkmy/mRt1jkbhmMtGuHdTuUL2v4z3hCthb1EDsxJM8HwQ==",
      "license": "SEE LICENSE IN LICENSE.md",
      "dependencies": {
        "@ckeditor/ckeditor5-core": "45.2.1",
        "@ckeditor/ckeditor5-engine": "45.2.1",
        "@ckeditor/ckeditor5-ui": "45.2.1",
        "@ckeditor/ckeditor5-utils": "45.2.1",
        "ckeditor5": "45.2.1",
        "es-toolkit": "1.32.0"
      }
    },
    "node_modules/@ckeditor/ckeditor5-editor-classic": {
      "version": "45.2.1",
      "resolved": "https://registry.npmjs.org/@ckeditor/ckeditor5-editor-classic/-/ckeditor5-editor-classic-45.2.1.tgz",
      "integrity": "sha512-cIyNNu4jano8WHl94ljNxXVpxGQadx4esDbV1rmj3e5gCh0XCXPOcyHYW9QPCT1Jf2M7YX32t5FFT/ixV4269A==",
      "license": "SEE LICENSE IN LICENSE.md",
      "dependencies": {
        "@ckeditor/ckeditor5-core": "45.2.1",
        "@ckeditor/ckeditor5-engine": "45.2.1",
        "@ckeditor/ckeditor5-ui": "45.2.1",
        "@ckeditor/ckeditor5-utils": "45.2.1",
        "ckeditor5": "45.2.1",
        "es-toolkit": "1.32.0"
      }
    },
    "node_modules/@ckeditor/ckeditor5-editor-decoupled": {
      "version": "45.2.1",
      "resolved": "https://registry.npmjs.org/@ckeditor/ckeditor5-editor-decoupled/-/ckeditor5-editor-decoupled-45.2.1.tgz",
      "integrity": "sha512-LNXe8CTIYL7PxwMHe2i1Ta7BlqmEO9ke/xrQxW+FHJ1obEsjZS56uz7YgBWISGXjWh/0bBRpz+7jL0FhflK9Dw==",
      "license": "SEE LICENSE IN LICENSE.md",
      "dependencies": {
        "@ckeditor/ckeditor5-core": "45.2.1",
        "@ckeditor/ckeditor5-engine": "45.2.1",
        "@ckeditor/ckeditor5-ui": "45.2.1",
        "@ckeditor/ckeditor5-utils": "45.2.1",
        "ckeditor5": "45.2.1",
        "es-toolkit": "1.32.0"
      }
    },
    "node_modules/@ckeditor/ckeditor5-editor-inline": {
      "version": "45.2.1",
      "resolved": "https://registry.npmjs.org/@ckeditor/ckeditor5-editor-inline/-/ckeditor5-editor-inline-45.2.1.tgz",
      "integrity": "sha512-/z/7U43QdVn0PUgIq+a/HRbgAut2eeLCzWVL4henbfSRxYJ9DBHH3ckIhX//QTfyTodeJ/5igrSmZH7oGVPwww==",
      "license": "SEE LICENSE IN LICENSE.md",
      "dependencies": {
        "@ckeditor/ckeditor5-core": "45.2.1",
        "@ckeditor/ckeditor5-engine": "45.2.1",
        "@ckeditor/ckeditor5-ui": "45.2.1",
        "@ckeditor/ckeditor5-utils": "45.2.1",
        "ckeditor5": "45.2.1",
        "es-toolkit": "1.32.0"
      }
    },
    "node_modules/@ckeditor/ckeditor5-editor-multi-root": {
      "version": "45.2.1",
      "resolved": "https://registry.npmjs.org/@ckeditor/ckeditor5-editor-multi-root/-/ckeditor5-editor-multi-root-45.2.1.tgz",
      "integrity": "sha512-o3AIx3fKCbQPKrbcgflgUVLEfP+zL2/oX22agIA0iugghpLF2Q7y0hlVRuYjWa0fOY1mxt7EKC6BWwgrSF3X3Q==",
      "license": "SEE LICENSE IN LICENSE.md",
      "dependencies": {
        "@ckeditor/ckeditor5-core": "45.2.1",
        "@ckeditor/ckeditor5-engine": "45.2.1",
        "@ckeditor/ckeditor5-ui": "45.2.1",
        "@ckeditor/ckeditor5-utils": "45.2.1",
        "ckeditor5": "45.2.1",
        "es-toolkit": "1.32.0"
      }
    },
    "node_modules/@ckeditor/ckeditor5-emoji": {
      "version": "45.2.1",
      "resolved": "https://registry.npmjs.org/@ckeditor/ckeditor5-emoji/-/ckeditor5-emoji-45.2.1.tgz",
      "integrity": "sha512-g5jtferdBRC7VI34AiLoVQZ4MYYr3PgEM0yZ1rNJSt0UfxQgZcHTu0SrZV/qxxweDcyQikHeBMrkQy0i77zabQ==",
      "license": "SEE LICENSE IN LICENSE.md",
      "dependencies": {
        "@ckeditor/ckeditor5-core": "45.2.1",
        "@ckeditor/ckeditor5-icons": "45.2.1",
        "@ckeditor/ckeditor5-mention": "45.2.1",
        "@ckeditor/ckeditor5-typing": "45.2.1",
        "@ckeditor/ckeditor5-ui": "45.2.1",
        "@ckeditor/ckeditor5-utils": "45.2.1",
        "ckeditor5": "45.2.1",
        "es-toolkit": "1.32.0",
        "fuzzysort": "3.1.0"
      }
    },
    "node_modules/@ckeditor/ckeditor5-engine": {
      "version": "45.2.1",
      "resolved": "https://registry.npmjs.org/@ckeditor/ckeditor5-engine/-/ckeditor5-engine-45.2.1.tgz",
      "integrity": "sha512-kX6myPFscybc7ujM/iFTCKi5353+uRg0h1UKXVvh0NuqcnzJkMmpke3iFyzUckkfmtw/GvLvtRTli3190QgBaw==",
      "license": "SEE LICENSE IN LICENSE.md",
      "dependencies": {
        "@ckeditor/ckeditor5-utils": "45.2.1",
        "es-toolkit": "1.32.0"
      }
    },
    "node_modules/@ckeditor/ckeditor5-enter": {
      "version": "45.2.1",
      "resolved": "https://registry.npmjs.org/@ckeditor/ckeditor5-enter/-/ckeditor5-enter-45.2.1.tgz",
      "integrity": "sha512-y5wsQmB6+rERieqkPi/DvrrY2v8t8bUVZtVtx7vdiujF3Iab7s6GvPcLCZJDhDPRNSVxJb2wR0jREIqGv+CAgw==",
      "license": "SEE LICENSE IN LICENSE.md",
      "dependencies": {
        "@ckeditor/ckeditor5-core": "45.2.1",
        "@ckeditor/ckeditor5-engine": "45.2.1",
        "@ckeditor/ckeditor5-utils": "45.2.1"
      }
    },
    "node_modules/@ckeditor/ckeditor5-essentials": {
      "version": "45.2.1",
      "resolved": "https://registry.npmjs.org/@ckeditor/ckeditor5-essentials/-/ckeditor5-essentials-45.2.1.tgz",
      "integrity": "sha512-kMHqD/m5Y55CqgjAa4Ui5p+yg28c1Itm6V97Sn30z3lMXauSRU9Bg9JnSlV+b1zqZuiUGBedEtc8ou5rm1px+A==",
      "license": "SEE LICENSE IN LICENSE.md",
      "dependencies": {
        "@ckeditor/ckeditor5-clipboard": "45.2.1",
        "@ckeditor/ckeditor5-core": "45.2.1",
        "@ckeditor/ckeditor5-enter": "45.2.1",
        "@ckeditor/ckeditor5-select-all": "45.2.1",
        "@ckeditor/ckeditor5-typing": "45.2.1",
        "@ckeditor/ckeditor5-ui": "45.2.1",
        "@ckeditor/ckeditor5-undo": "45.2.1",
        "ckeditor5": "45.2.1"
      }
    },
    "node_modules/@ckeditor/ckeditor5-find-and-replace": {
      "version": "45.2.1",
      "resolved": "https://registry.npmjs.org/@ckeditor/ckeditor5-find-and-replace/-/ckeditor5-find-and-replace-45.2.1.tgz",
      "integrity": "sha512-mfdWr5Sy+HHLKZXXq3qkuMYgIUR+est/snEQyUeySUYMMh0LxvlO5nUG6X5RQXmWy9eTmpNDvObLxm48/tcsvg==",
      "license": "SEE LICENSE IN LICENSE.md",
      "dependencies": {
        "@ckeditor/ckeditor5-core": "45.2.1",
        "@ckeditor/ckeditor5-icons": "45.2.1",
        "@ckeditor/ckeditor5-ui": "45.2.1",
        "@ckeditor/ckeditor5-utils": "45.2.1",
        "ckeditor5": "45.2.1",
        "es-toolkit": "1.32.0"
      }
    },
    "node_modules/@ckeditor/ckeditor5-font": {
      "version": "45.2.1",
      "resolved": "https://registry.npmjs.org/@ckeditor/ckeditor5-font/-/ckeditor5-font-45.2.1.tgz",
      "integrity": "sha512-ZrvK0XcR/SXYbGyAczJRd4Y/U2fJcqEKSpxNHZLxTpVDArS9E1PQGQ/F27w4Z2wfmAKKjqf2SPlWb2JBZ/RY/w==",
      "license": "SEE LICENSE IN LICENSE.md",
      "dependencies": {
        "@ckeditor/ckeditor5-core": "45.2.1",
        "@ckeditor/ckeditor5-engine": "45.2.1",
        "@ckeditor/ckeditor5-icons": "45.2.1",
        "@ckeditor/ckeditor5-ui": "45.2.1",
        "@ckeditor/ckeditor5-utils": "45.2.1",
        "ckeditor5": "45.2.1"
      }
    },
    "node_modules/@ckeditor/ckeditor5-fullscreen": {
      "version": "45.2.1",
      "resolved": "https://registry.npmjs.org/@ckeditor/ckeditor5-fullscreen/-/ckeditor5-fullscreen-45.2.1.tgz",
      "integrity": "sha512-quSvp00VLA03aXTStgICRIglKN19Dn2elyJ+w20i1ZitvWZNf9bNayDeeCZGR2+qU/2kAEAsn5Q2bdHlC2tUnA==",
      "license": "SEE LICENSE IN LICENSE.md",
      "dependencies": {
        "@ckeditor/ckeditor5-core": "45.2.1",
        "@ckeditor/ckeditor5-editor-classic": "45.2.1",
        "@ckeditor/ckeditor5-editor-decoupled": "45.2.1",
        "@ckeditor/ckeditor5-icons": "45.2.1",
        "@ckeditor/ckeditor5-ui": "45.2.1",
        "@ckeditor/ckeditor5-utils": "45.2.1",
        "ckeditor5": "45.2.1"
      }
    },
    "node_modules/@ckeditor/ckeditor5-heading": {
      "version": "45.2.1",
      "resolved": "https://registry.npmjs.org/@ckeditor/ckeditor5-heading/-/ckeditor5-heading-45.2.1.tgz",
      "integrity": "sha512-J9ICygU3x0c0gY7FJJ0Ba3EFVlspbQinungipnIyMF2/4SXTOepKxHYG3x7j9xcjpUGosokeSvKfdQ0ACKtoKg==",
      "license": "SEE LICENSE IN LICENSE.md",
      "dependencies": {
        "@ckeditor/ckeditor5-core": "45.2.1",
        "@ckeditor/ckeditor5-engine": "45.2.1",
        "@ckeditor/ckeditor5-icons": "45.2.1",
        "@ckeditor/ckeditor5-paragraph": "45.2.1",
        "@ckeditor/ckeditor5-ui": "45.2.1",
        "@ckeditor/ckeditor5-utils": "45.2.1",
        "ckeditor5": "45.2.1"
      }
    },
    "node_modules/@ckeditor/ckeditor5-highlight": {
      "version": "45.2.1",
      "resolved": "https://registry.npmjs.org/@ckeditor/ckeditor5-highlight/-/ckeditor5-highlight-45.2.1.tgz",
      "integrity": "sha512-Z8mIWO0TpvAyfQslJn3FertL8Brl2L7xIgad/s8JMfUWPcB7Tg2qm5GUqe1yfBmROz2g86JX+v6iMVvb5MkBHg==",
      "license": "SEE LICENSE IN LICENSE.md",
      "dependencies": {
        "@ckeditor/ckeditor5-core": "45.2.1",
        "@ckeditor/ckeditor5-icons": "45.2.1",
        "@ckeditor/ckeditor5-ui": "45.2.1",
        "@ckeditor/ckeditor5-utils": "45.2.1",
        "ckeditor5": "45.2.1"
      }
    },
    "node_modules/@ckeditor/ckeditor5-horizontal-line": {
      "version": "45.2.1",
      "resolved": "https://registry.npmjs.org/@ckeditor/ckeditor5-horizontal-line/-/ckeditor5-horizontal-line-45.2.1.tgz",
      "integrity": "sha512-YMI7XQuMUTbhG33jrAGlmkkIxVnusF/e057oUAJ+Er6ug1RRAd3Y1I2MLmmk4/4mGmjXZPOXH8ueWHHFCMOvog==",
      "license": "SEE LICENSE IN LICENSE.md",
      "dependencies": {
        "@ckeditor/ckeditor5-core": "45.2.1",
        "@ckeditor/ckeditor5-icons": "45.2.1",
        "@ckeditor/ckeditor5-ui": "45.2.1",
        "@ckeditor/ckeditor5-utils": "45.2.1",
        "@ckeditor/ckeditor5-widget": "45.2.1",
        "ckeditor5": "45.2.1"
      }
    },
    "node_modules/@ckeditor/ckeditor5-html-embed": {
      "version": "45.2.1",
      "resolved": "https://registry.npmjs.org/@ckeditor/ckeditor5-html-embed/-/ckeditor5-html-embed-45.2.1.tgz",
      "integrity": "sha512-UMr3GPcoavAHHFv4DWk/9dvgHmHEft1VzUYEAYK9S2lC8ADkSzo6rrWOwYapFZps1tJEwQjLQF+XZ9fw41t0lw==",
      "license": "SEE LICENSE IN LICENSE.md",
      "dependencies": {
        "@ckeditor/ckeditor5-core": "45.2.1",
        "@ckeditor/ckeditor5-icons": "45.2.1",
        "@ckeditor/ckeditor5-ui": "45.2.1",
        "@ckeditor/ckeditor5-utils": "45.2.1",
        "@ckeditor/ckeditor5-widget": "45.2.1",
        "ckeditor5": "45.2.1"
      }
    },
    "node_modules/@ckeditor/ckeditor5-html-support": {
      "version": "45.2.1",
      "resolved": "https://registry.npmjs.org/@ckeditor/ckeditor5-html-support/-/ckeditor5-html-support-45.2.1.tgz",
      "integrity": "sha512-ZxT3vxO4++iN7BU1fApTIDGkjAkWemUyNkUxWt/TRg3tgOUbnlyhyS9HHOh/UITfNuLgx9IKm04uh611okIIAA==",
      "license": "SEE LICENSE IN LICENSE.md",
      "dependencies": {
        "@ckeditor/ckeditor5-core": "45.2.1",
        "@ckeditor/ckeditor5-engine": "45.2.1",
        "@ckeditor/ckeditor5-enter": "45.2.1",
        "@ckeditor/ckeditor5-heading": "45.2.1",
        "@ckeditor/ckeditor5-image": "45.2.1",
        "@ckeditor/ckeditor5-list": "45.2.1",
        "@ckeditor/ckeditor5-table": "45.2.1",
        "@ckeditor/ckeditor5-utils": "45.2.1",
        "@ckeditor/ckeditor5-widget": "45.2.1",
        "ckeditor5": "45.2.1",
        "es-toolkit": "1.32.0"
      }
    },
    "node_modules/@ckeditor/ckeditor5-icons": {
      "version": "45.2.1",
      "resolved": "https://registry.npmjs.org/@ckeditor/ckeditor5-icons/-/ckeditor5-icons-45.2.1.tgz",
      "integrity": "sha512-vDCbPu8zKMFgiUQTFuie0h9PNHifXuAeiNHvk/W/6OutTNJwuBp7oLBpYvvkkJ5/iTFPL7En5nOc/czScNmqQw==",
      "license": "SEE LICENSE IN LICENSE.md"
    },
    "node_modules/@ckeditor/ckeditor5-image": {
      "version": "45.2.1",
      "resolved": "https://registry.npmjs.org/@ckeditor/ckeditor5-image/-/ckeditor5-image-45.2.1.tgz",
      "integrity": "sha512-dBd9jKh0Pn6pXJEOc3HX0aONJjTOVTh758K43Ncm/AN73G/mcoaN92mkoMSm1yxzea5W21hFBbr8ttseOyaIYw==",
      "license": "SEE LICENSE IN LICENSE.md",
      "dependencies": {
        "@ckeditor/ckeditor5-clipboard": "45.2.1",
        "@ckeditor/ckeditor5-core": "45.2.1",
        "@ckeditor/ckeditor5-engine": "45.2.1",
        "@ckeditor/ckeditor5-icons": "45.2.1",
        "@ckeditor/ckeditor5-typing": "45.2.1",
        "@ckeditor/ckeditor5-ui": "45.2.1",
        "@ckeditor/ckeditor5-undo": "45.2.1",
        "@ckeditor/ckeditor5-upload": "45.2.1",
        "@ckeditor/ckeditor5-utils": "45.2.1",
        "@ckeditor/ckeditor5-widget": "45.2.1",
        "ckeditor5": "45.2.1",
        "es-toolkit": "1.32.0"
      }
    },
    "node_modules/@ckeditor/ckeditor5-indent": {
      "version": "45.2.1",
      "resolved": "https://registry.npmjs.org/@ckeditor/ckeditor5-indent/-/ckeditor5-indent-45.2.1.tgz",
      "integrity": "sha512-aQlXGtsydQ2l3wffKFE/Hs9RAmlJPLn6vMzi44NLnKxQ33bPPhqAr3JlCEMlyI5ihVlUE45KtEWt+F7wNljFrg==",
      "license": "SEE LICENSE IN LICENSE.md",
      "dependencies": {
        "@ckeditor/ckeditor5-core": "45.2.1",
        "@ckeditor/ckeditor5-engine": "45.2.1",
        "@ckeditor/ckeditor5-heading": "45.2.1",
        "@ckeditor/ckeditor5-icons": "45.2.1",
        "@ckeditor/ckeditor5-list": "45.2.1",
        "@ckeditor/ckeditor5-ui": "45.2.1",
        "@ckeditor/ckeditor5-utils": "45.2.1",
        "ckeditor5": "45.2.1"
      }
    },
    "node_modules/@ckeditor/ckeditor5-language": {
      "version": "45.2.1",
      "resolved": "https://registry.npmjs.org/@ckeditor/ckeditor5-language/-/ckeditor5-language-45.2.1.tgz",
      "integrity": "sha512-pCN1tr+g4Cj7wqRLiaLcbDRJze+pxp8bfHr0T1z1wZRIs5c2lyZtSX00EqyxkXWFYWfu0wPujqKxQzetPbr98w==",
      "license": "SEE LICENSE IN LICENSE.md",
      "dependencies": {
        "@ckeditor/ckeditor5-core": "45.2.1",
        "@ckeditor/ckeditor5-ui": "45.2.1",
        "@ckeditor/ckeditor5-utils": "45.2.1",
        "ckeditor5": "45.2.1"
      }
    },
    "node_modules/@ckeditor/ckeditor5-link": {
      "version": "45.2.1",
      "resolved": "https://registry.npmjs.org/@ckeditor/ckeditor5-link/-/ckeditor5-link-45.2.1.tgz",
      "integrity": "sha512-TjqPAfbjQEpmJK7YQ3ounjnEVSbseGwyws9AeyhVKHINbppE1LSA9Q8pDELEUalEOBvaEZgB5x0OtuCQE7exdg==",
      "license": "SEE LICENSE IN LICENSE.md",
      "dependencies": {
        "@ckeditor/ckeditor5-clipboard": "45.2.1",
        "@ckeditor/ckeditor5-core": "45.2.1",
        "@ckeditor/ckeditor5-engine": "45.2.1",
        "@ckeditor/ckeditor5-icons": "45.2.1",
        "@ckeditor/ckeditor5-image": "45.2.1",
        "@ckeditor/ckeditor5-typing": "45.2.1",
        "@ckeditor/ckeditor5-ui": "45.2.1",
        "@ckeditor/ckeditor5-utils": "45.2.1",
        "@ckeditor/ckeditor5-widget": "45.2.1",
        "ckeditor5": "45.2.1",
        "es-toolkit": "1.32.0"
      }
    },
    "node_modules/@ckeditor/ckeditor5-list": {
      "version": "45.2.1",
      "resolved": "https://registry.npmjs.org/@ckeditor/ckeditor5-list/-/ckeditor5-list-45.2.1.tgz",
      "integrity": "sha512-liUKNg4XVoj4dx2JtxS6F+zSlnAYLUCv8y9odEAOQ/ar9m2cCvtxfBAbO6GQnJu1aBOxM5/P1J3HuQmFCr48EQ==",
      "license": "SEE LICENSE IN LICENSE.md",
      "dependencies": {
        "@ckeditor/ckeditor5-clipboard": "45.2.1",
        "@ckeditor/ckeditor5-core": "45.2.1",
        "@ckeditor/ckeditor5-engine": "45.2.1",
        "@ckeditor/ckeditor5-enter": "45.2.1",
        "@ckeditor/ckeditor5-icons": "45.2.1",
        "@ckeditor/ckeditor5-typing": "45.2.1",
        "@ckeditor/ckeditor5-ui": "45.2.1",
        "@ckeditor/ckeditor5-utils": "45.2.1",
        "ckeditor5": "45.2.1"
      }
    },
    "node_modules/@ckeditor/ckeditor5-markdown-gfm": {
      "version": "45.2.1",
      "resolved": "https://registry.npmjs.org/@ckeditor/ckeditor5-markdown-gfm/-/ckeditor5-markdown-gfm-45.2.1.tgz",
      "integrity": "sha512-SGLY//kbcZy/MzZDSy/af/80gmh5vkMoQhAqR4FBTgWTosKbZblhgXaLM10Ld0bcjQMJL2BLeTNKHDcy7S2MFQ==",
      "license": "SEE LICENSE IN LICENSE.md",
      "dependencies": {
        "@ckeditor/ckeditor5-clipboard": "45.2.1",
        "@ckeditor/ckeditor5-core": "45.2.1",
        "@ckeditor/ckeditor5-engine": "45.2.1",
        "@types/marked": "4.3.2",
        "@types/turndown": "5.0.5",
        "ckeditor5": "45.2.1",
        "marked": "4.0.12",
        "turndown": "7.2.0",
        "turndown-plugin-gfm": "1.0.2"
      }
    },
    "node_modules/@ckeditor/ckeditor5-media-embed": {
      "version": "45.2.1",
      "resolved": "https://registry.npmjs.org/@ckeditor/ckeditor5-media-embed/-/ckeditor5-media-embed-45.2.1.tgz",
      "integrity": "sha512-0NED9h+BIAns/DNaUotCD5Uhm6MNzGI4QsJ4obCrtl0lolBerXhzcRtlRVaF3R8omlMvS6r80fWsWSCttcpGjw==",
      "license": "SEE LICENSE IN LICENSE.md",
      "dependencies": {
        "@ckeditor/ckeditor5-clipboard": "45.2.1",
        "@ckeditor/ckeditor5-core": "45.2.1",
        "@ckeditor/ckeditor5-engine": "45.2.1",
        "@ckeditor/ckeditor5-icons": "45.2.1",
        "@ckeditor/ckeditor5-typing": "45.2.1",
        "@ckeditor/ckeditor5-ui": "45.2.1",
        "@ckeditor/ckeditor5-undo": "45.2.1",
        "@ckeditor/ckeditor5-utils": "45.2.1",
        "@ckeditor/ckeditor5-widget": "45.2.1",
        "ckeditor5": "45.2.1"
      }
    },
    "node_modules/@ckeditor/ckeditor5-mention": {
      "version": "45.2.1",
      "resolved": "https://registry.npmjs.org/@ckeditor/ckeditor5-mention/-/ckeditor5-mention-45.2.1.tgz",
      "integrity": "sha512-q77TXcjzQ1dZkvxPKu3TC3OAJiwLXeCNYglGvt5iqxQ1PmY86TI0EyO/qWApKiydacowev7ppCbDkHvA0oCMRA==",
      "license": "SEE LICENSE IN LICENSE.md",
      "dependencies": {
        "@ckeditor/ckeditor5-core": "45.2.1",
        "@ckeditor/ckeditor5-typing": "45.2.1",
        "@ckeditor/ckeditor5-ui": "45.2.1",
        "@ckeditor/ckeditor5-utils": "45.2.1",
        "ckeditor5": "45.2.1",
        "es-toolkit": "1.32.0"
      }
    },
    "node_modules/@ckeditor/ckeditor5-minimap": {
      "version": "45.2.1",
      "resolved": "https://registry.npmjs.org/@ckeditor/ckeditor5-minimap/-/ckeditor5-minimap-45.2.1.tgz",
      "integrity": "sha512-bKYcvZ7wIolttXfXR9BzyVEI+6FmflO0EhvOw+Ic9VClDy81Y4EYyCMB0XsXK0JO0KTnTKUOmLrPTfOnU/c68w==",
      "license": "SEE LICENSE IN LICENSE.md",
      "dependencies": {
        "@ckeditor/ckeditor5-core": "45.2.1",
        "@ckeditor/ckeditor5-engine": "45.2.1",
        "@ckeditor/ckeditor5-ui": "45.2.1",
        "@ckeditor/ckeditor5-utils": "45.2.1",
        "ckeditor5": "45.2.1"
      }
    },
    "node_modules/@ckeditor/ckeditor5-page-break": {
      "version": "45.2.1",
      "resolved": "https://registry.npmjs.org/@ckeditor/ckeditor5-page-break/-/ckeditor5-page-break-45.2.1.tgz",
      "integrity": "sha512-KiHGordLRIzebAeyyY43WHR1bpjXab9cD+S8BWeivGBYytFRN4S+MT288HiweYk53Pla2pumrgoBZ/qKLkn98Q==",
      "license": "SEE LICENSE IN LICENSE.md",
      "dependencies": {
        "@ckeditor/ckeditor5-core": "45.2.1",
        "@ckeditor/ckeditor5-icons": "45.2.1",
        "@ckeditor/ckeditor5-ui": "45.2.1",
        "@ckeditor/ckeditor5-utils": "45.2.1",
        "@ckeditor/ckeditor5-widget": "45.2.1",
        "ckeditor5": "45.2.1"
      }
    },
    "node_modules/@ckeditor/ckeditor5-paragraph": {
      "version": "45.2.1",
      "resolved": "https://registry.npmjs.org/@ckeditor/ckeditor5-paragraph/-/ckeditor5-paragraph-45.2.1.tgz",
      "integrity": "sha512-bDZUEHXruWG7P7PDIwNKKuUjgIvLbbY+m0GEXOI4+eB7cnJBOLbs62t8m+tLFJ/PRWUsJ/kA1RJQgouiy60+0Q==",
      "license": "SEE LICENSE IN LICENSE.md",
      "dependencies": {
        "@ckeditor/ckeditor5-core": "45.2.1",
        "@ckeditor/ckeditor5-engine": "45.2.1",
        "@ckeditor/ckeditor5-icons": "45.2.1",
        "@ckeditor/ckeditor5-ui": "45.2.1",
        "@ckeditor/ckeditor5-utils": "45.2.1"
      }
    },
    "node_modules/@ckeditor/ckeditor5-paste-from-office": {
      "version": "45.2.1",
      "resolved": "https://registry.npmjs.org/@ckeditor/ckeditor5-paste-from-office/-/ckeditor5-paste-from-office-45.2.1.tgz",
      "integrity": "sha512-G5duZPSLmdGxghjBeHU2i1WJoKn8YdKI2lZu8GxqRQ1/FTaoWqnCpEAnxztLLTtwyI9HuFh6IuxrdnyPQOWtxw==",
      "license": "SEE LICENSE IN LICENSE.md",
      "dependencies": {
        "@ckeditor/ckeditor5-clipboard": "45.2.1",
        "@ckeditor/ckeditor5-core": "45.2.1",
        "@ckeditor/ckeditor5-engine": "45.2.1",
        "ckeditor5": "45.2.1"
      }
    },
    "node_modules/@ckeditor/ckeditor5-remove-format": {
      "version": "45.2.1",
      "resolved": "https://registry.npmjs.org/@ckeditor/ckeditor5-remove-format/-/ckeditor5-remove-format-45.2.1.tgz",
      "integrity": "sha512-JKZdCqdrCOjP84ynUhE8F10q0LTiOTadhCsMYtfFUaMXlv+Ey6BMwh28I9WstGmhBiDmF4evivI8Jovncc0pyg==",
      "license": "SEE LICENSE IN LICENSE.md",
      "dependencies": {
        "@ckeditor/ckeditor5-core": "45.2.1",
        "@ckeditor/ckeditor5-icons": "45.2.1",
        "@ckeditor/ckeditor5-ui": "45.2.1",
        "@ckeditor/ckeditor5-utils": "45.2.1",
        "ckeditor5": "45.2.1"
      }
    },
    "node_modules/@ckeditor/ckeditor5-restricted-editing": {
      "version": "45.2.1",
      "resolved": "https://registry.npmjs.org/@ckeditor/ckeditor5-restricted-editing/-/ckeditor5-restricted-editing-45.2.1.tgz",
      "integrity": "sha512-rapILyX18HIw8xCuXozfQorz6Y/0Jd48/zr9ChXDbDkbDr4qaWdqAZ2bMuz8qP8k53dmkvxl4DfVfqM200txXQ==",
      "license": "SEE LICENSE IN LICENSE.md",
      "dependencies": {
        "@ckeditor/ckeditor5-core": "45.2.1",
        "@ckeditor/ckeditor5-engine": "45.2.1",
        "@ckeditor/ckeditor5-icons": "45.2.1",
        "@ckeditor/ckeditor5-ui": "45.2.1",
        "@ckeditor/ckeditor5-utils": "45.2.1",
        "ckeditor5": "45.2.1"
      }
    },
    "node_modules/@ckeditor/ckeditor5-select-all": {
      "version": "45.2.1",
      "resolved": "https://registry.npmjs.org/@ckeditor/ckeditor5-select-all/-/ckeditor5-select-all-45.2.1.tgz",
      "integrity": "sha512-WRXtKECu+yrZGfNeriRQT+q41NDmW3K72cQL7Sben9CsJ4ixAFdc4APaDC5GvIvE00hjjLhZAVBtV8fiBTys/g==",
      "license": "SEE LICENSE IN LICENSE.md",
      "dependencies": {
        "@ckeditor/ckeditor5-core": "45.2.1",
        "@ckeditor/ckeditor5-engine": "45.2.1",
        "@ckeditor/ckeditor5-icons": "45.2.1",
        "@ckeditor/ckeditor5-ui": "45.2.1",
        "@ckeditor/ckeditor5-utils": "45.2.1"
      }
    },
    "node_modules/@ckeditor/ckeditor5-show-blocks": {
      "version": "45.2.1",
      "resolved": "https://registry.npmjs.org/@ckeditor/ckeditor5-show-blocks/-/ckeditor5-show-blocks-45.2.1.tgz",
      "integrity": "sha512-VX6v9mkDkh5xaK/KANxjDRiRMowcUODHBg1z+MJZyVqeFxfDabHSQuS2OLYzsSJfeTlCzs/11IRHCGQq4ifyIQ==",
      "license": "SEE LICENSE IN LICENSE.md",
      "dependencies": {
        "@ckeditor/ckeditor5-core": "45.2.1",
        "@ckeditor/ckeditor5-icons": "45.2.1",
        "@ckeditor/ckeditor5-ui": "45.2.1",
        "@ckeditor/ckeditor5-utils": "45.2.1",
        "ckeditor5": "45.2.1"
      }
    },
    "node_modules/@ckeditor/ckeditor5-source-editing": {
      "version": "45.2.1",
      "resolved": "https://registry.npmjs.org/@ckeditor/ckeditor5-source-editing/-/ckeditor5-source-editing-45.2.1.tgz",
      "integrity": "sha512-HFaUovnh6v/9oIUWpxmxNxQIHArONuqzKMyipLHS7XWzb9nnMda+P5wnoYEiysoiNSDyBhM+yLCsgqs28XsmJg==",
      "license": "SEE LICENSE IN LICENSE.md",
      "dependencies": {
        "@ckeditor/ckeditor5-core": "45.2.1",
        "@ckeditor/ckeditor5-icons": "45.2.1",
        "@ckeditor/ckeditor5-theme-lark": "45.2.1",
        "@ckeditor/ckeditor5-ui": "45.2.1",
        "@ckeditor/ckeditor5-utils": "45.2.1",
        "ckeditor5": "45.2.1"
      }
    },
    "node_modules/@ckeditor/ckeditor5-special-characters": {
      "version": "45.2.1",
      "resolved": "https://registry.npmjs.org/@ckeditor/ckeditor5-special-characters/-/ckeditor5-special-characters-45.2.1.tgz",
      "integrity": "sha512-VECZXNiE1dA/TTJJUdz9kbWXDTXTIWsXyuBrvwQX/SgsPjIKYlpGW+oTu6iZdC4I/q0dsFvJvDJ6ngx89cxpLg==",
      "license": "SEE LICENSE IN LICENSE.md",
      "dependencies": {
        "@ckeditor/ckeditor5-core": "45.2.1",
        "@ckeditor/ckeditor5-icons": "45.2.1",
        "@ckeditor/ckeditor5-typing": "45.2.1",
        "@ckeditor/ckeditor5-ui": "45.2.1",
        "@ckeditor/ckeditor5-utils": "45.2.1",
        "ckeditor5": "45.2.1"
      }
    },
    "node_modules/@ckeditor/ckeditor5-style": {
      "version": "45.2.1",
      "resolved": "https://registry.npmjs.org/@ckeditor/ckeditor5-style/-/ckeditor5-style-45.2.1.tgz",
      "integrity": "sha512-Rdf3FeNRFBngYBUrdfjLBYQkvcFHc4g7D48+nkBiYmPeYDIcviRxq0Ss50UHHgwl/aB6w6UvVdI2j+2HhYE+xQ==",
      "license": "SEE LICENSE IN LICENSE.md",
      "dependencies": {
        "@ckeditor/ckeditor5-core": "45.2.1",
        "@ckeditor/ckeditor5-html-support": "45.2.1",
        "@ckeditor/ckeditor5-list": "45.2.1",
        "@ckeditor/ckeditor5-table": "45.2.1",
        "@ckeditor/ckeditor5-typing": "45.2.1",
        "@ckeditor/ckeditor5-ui": "45.2.1",
        "@ckeditor/ckeditor5-utils": "45.2.1",
        "ckeditor5": "45.2.1",
        "es-toolkit": "1.32.0"
      }
    },
    "node_modules/@ckeditor/ckeditor5-table": {
      "version": "45.2.1",
      "resolved": "https://registry.npmjs.org/@ckeditor/ckeditor5-table/-/ckeditor5-table-45.2.1.tgz",
      "integrity": "sha512-Twu2vztW0s5BVwn+AYcvH8Akx0SS1tSZ1P7MbVvYnm3+o0hOsHjO+bFi9anN+U53l5ciukNFtwLbvQw8YcKXvg==",
      "license": "SEE LICENSE IN LICENSE.md",
      "dependencies": {
        "@ckeditor/ckeditor5-clipboard": "45.2.1",
        "@ckeditor/ckeditor5-core": "45.2.1",
        "@ckeditor/ckeditor5-engine": "45.2.1",
        "@ckeditor/ckeditor5-icons": "45.2.1",
        "@ckeditor/ckeditor5-ui": "45.2.1",
        "@ckeditor/ckeditor5-utils": "45.2.1",
        "@ckeditor/ckeditor5-widget": "45.2.1",
        "ckeditor5": "45.2.1",
        "es-toolkit": "1.32.0"
      }
    },
    "node_modules/@ckeditor/ckeditor5-theme-lark": {
      "version": "45.2.1",
      "resolved": "https://registry.npmjs.org/@ckeditor/ckeditor5-theme-lark/-/ckeditor5-theme-lark-45.2.1.tgz",
      "integrity": "sha512-+JYkfdbCW7bYK+dYmxDSL49s4tZTzabrymvSt+fgFATDmbosP9zRRENPSYpfq0J7v0wJSOJrkK6aPiuEJr8VrQ==",
      "license": "SEE LICENSE IN LICENSE.md",
      "dependencies": {
        "@ckeditor/ckeditor5-ui": "45.2.1"
      }
    },
    "node_modules/@ckeditor/ckeditor5-typing": {
      "version": "45.2.1",
      "resolved": "https://registry.npmjs.org/@ckeditor/ckeditor5-typing/-/ckeditor5-typing-45.2.1.tgz",
      "integrity": "sha512-zsIDw2UZjEgH1OBFTE/e+ACFWgpQgwLGmfOA1R99SpSyuBzGgEeTQm/rLniZbnAQ3TJMHDm89dz0MneMhn9cgg==",
      "license": "SEE LICENSE IN LICENSE.md",
      "dependencies": {
        "@ckeditor/ckeditor5-core": "45.2.1",
        "@ckeditor/ckeditor5-engine": "45.2.1",
        "@ckeditor/ckeditor5-utils": "45.2.1",
        "es-toolkit": "1.32.0"
      }
    },
    "node_modules/@ckeditor/ckeditor5-ui": {
      "version": "45.2.1",
      "resolved": "https://registry.npmjs.org/@ckeditor/ckeditor5-ui/-/ckeditor5-ui-45.2.1.tgz",
      "integrity": "sha512-ZBl6xJliYhdQr8/9gCi9Pytz88YDD3VV+zyDq+5pBl1mI8feBjxp5XfPZxxAfV0dowqppqP/17UnPLtc+7YA0g==",
      "license": "SEE LICENSE IN LICENSE.md",
      "dependencies": {
        "@ckeditor/ckeditor5-core": "45.2.1",
        "@ckeditor/ckeditor5-editor-multi-root": "45.2.1",
        "@ckeditor/ckeditor5-engine": "45.2.1",
        "@ckeditor/ckeditor5-icons": "45.2.1",
        "@ckeditor/ckeditor5-utils": "45.2.1",
        "@types/color-convert": "2.0.4",
        "color-convert": "2.0.1",
        "color-parse": "1.4.2",
        "es-toolkit": "1.32.0",
        "vanilla-colorful": "0.7.2"
      }
    },
    "node_modules/@ckeditor/ckeditor5-undo": {
      "version": "45.2.1",
      "resolved": "https://registry.npmjs.org/@ckeditor/ckeditor5-undo/-/ckeditor5-undo-45.2.1.tgz",
      "integrity": "sha512-c3xJqk6iZLgHrCpJHektg/I1+ApcaTDEDfIS0pps8oxL1Ys6CWNE0QrlF5AuRoUopv//ik1iZg/qoA98JsQ1Ng==",
      "license": "SEE LICENSE IN LICENSE.md",
      "dependencies": {
        "@ckeditor/ckeditor5-core": "45.2.1",
        "@ckeditor/ckeditor5-engine": "45.2.1",
        "@ckeditor/ckeditor5-icons": "45.2.1",
        "@ckeditor/ckeditor5-ui": "45.2.1",
        "@ckeditor/ckeditor5-utils": "45.2.1"
      }
    },
    "node_modules/@ckeditor/ckeditor5-upload": {
      "version": "45.2.1",
      "resolved": "https://registry.npmjs.org/@ckeditor/ckeditor5-upload/-/ckeditor5-upload-45.2.1.tgz",
      "integrity": "sha512-lg54V7wXouKy4q9Umt47ubUidelMsujgwxJCJg3egcNLKPiskYHnWlhYfA8hyVV21XCpfbm73c8Y1UWvkTglXA==",
      "license": "SEE LICENSE IN LICENSE.md",
      "dependencies": {
        "@ckeditor/ckeditor5-core": "45.2.1",
        "@ckeditor/ckeditor5-utils": "45.2.1"
      }
    },
    "node_modules/@ckeditor/ckeditor5-utils": {
      "version": "45.2.1",
      "resolved": "https://registry.npmjs.org/@ckeditor/ckeditor5-utils/-/ckeditor5-utils-45.2.1.tgz",
      "integrity": "sha512-qjSsnUaw/VwklJZsRTVT6zDSBjMnmYIIGu3mHSk7Ybtao8W3fz1yzqdX3X6i937XGbw37+2MUfhJhrpubMnA8A==",
      "license": "SEE LICENSE IN LICENSE.md",
      "dependencies": {
        "@ckeditor/ckeditor5-ui": "45.2.1",
        "es-toolkit": "1.32.0"
      }
    },
    "node_modules/@ckeditor/ckeditor5-watchdog": {
      "version": "45.2.1",
      "resolved": "https://registry.npmjs.org/@ckeditor/ckeditor5-watchdog/-/ckeditor5-watchdog-45.2.1.tgz",
      "integrity": "sha512-FthIfLtl4qCv7iNEul9ZvUulFZVYNeMwS+Ww22HstZlJP3Ahh/JF4CGTkzfbP/oGFUsZCEochQ7H2/f4MN7pbg==",
      "license": "SEE LICENSE IN LICENSE.md",
      "dependencies": {
        "@ckeditor/ckeditor5-core": "45.2.1",
        "@ckeditor/ckeditor5-editor-multi-root": "45.2.1",
        "@ckeditor/ckeditor5-engine": "45.2.1",
        "@ckeditor/ckeditor5-utils": "45.2.1",
        "es-toolkit": "1.32.0"
      }
    },
    "node_modules/@ckeditor/ckeditor5-widget": {
      "version": "45.2.1",
      "resolved": "https://registry.npmjs.org/@ckeditor/ckeditor5-widget/-/ckeditor5-widget-45.2.1.tgz",
      "integrity": "sha512-4HOfHewBE0cF+7zKnQBWRJHLdq4K48YDW/uC5J0vDhLrtetBwWPE9kbnOUUoAGNYqGkiYRd7btt1M6pPhXrz9Q==",
      "license": "SEE LICENSE IN LICENSE.md",
      "dependencies": {
        "@ckeditor/ckeditor5-core": "45.2.1",
        "@ckeditor/ckeditor5-engine": "45.2.1",
        "@ckeditor/ckeditor5-enter": "45.2.1",
        "@ckeditor/ckeditor5-icons": "45.2.1",
        "@ckeditor/ckeditor5-typing": "45.2.1",
        "@ckeditor/ckeditor5-ui": "45.2.1",
        "@ckeditor/ckeditor5-utils": "45.2.1",
        "es-toolkit": "1.32.0"
      }
    },
    "node_modules/@ckeditor/ckeditor5-word-count": {
      "version": "45.2.1",
      "resolved": "https://registry.npmjs.org/@ckeditor/ckeditor5-word-count/-/ckeditor5-word-count-45.2.1.tgz",
      "integrity": "sha512-H4JmccFnFM+IaiT0zUTnx/7ebpAvelaJMEHWmntRlr1IFLf8AtwgOGBSeurglDVebyGXyqarbUxV4HpDxtzBxA==",
      "license": "SEE LICENSE IN LICENSE.md",
      "dependencies": {
        "@ckeditor/ckeditor5-core": "45.2.1",
        "@ckeditor/ckeditor5-ui": "45.2.1",
        "@ckeditor/ckeditor5-utils": "45.2.1",
        "ckeditor5": "45.2.1",
        "es-toolkit": "1.32.0"
      }
    },
    "node_modules/@mixmark-io/domino": {
      "version": "2.2.0",
      "resolved": "https://registry.npmjs.org/@mixmark-io/domino/-/domino-2.2.0.tgz",
      "integrity": "sha512-Y28PR25bHXUg88kCV7nivXrP2Nj2RueZ3/l/jdx6J9f8J4nsEGcgX0Qe6lt7Pa+J79+kPiJU3LguR6O/6zrLOw==",
      "license": "BSD-2-Clause"
    },
    "node_modules/@swc/helpers": {
      "version": "0.2.14",
      "resolved": "https://registry.npmjs.org/@swc/helpers/-/helpers-0.2.14.tgz",
      "integrity": "sha512-wpCQMhf5p5GhNg2MmGKXzUNwxe7zRiCsmqYsamez2beP7mKPCSiu+BjZcdN95yYSzO857kr0VfQewmGpS77nqA==",
      "license": "MIT"
    },
    "node_modules/@types/color-convert": {
      "version": "2.0.4",
      "resolved": "https://registry.npmjs.org/@types/color-convert/-/color-convert-2.0.4.tgz",
      "integrity": "sha512-Ub1MmDdyZ7mX//g25uBAoH/mWGd9swVbt8BseymnaE18SU4po/PjmCrHxqIIRjBo3hV/vh1KGr0eMxUhp+t+dQ==",
      "license": "MIT",
      "dependencies": {
        "@types/color-name": "^1.1.0"
      }
    },
    "node_modules/@types/color-name": {
      "version": "1.1.5",
      "resolved": "https://registry.npmjs.org/@types/color-name/-/color-name-1.1.5.tgz",
      "integrity": "sha512-j2K5UJqGTxeesj6oQuGpMgifpT5k9HprgQd8D1Y0lOFqKHl3PJu5GMeS4Y5EgjS55AE6OQxf8mPED9uaGbf4Cg==",
      "license": "MIT"
    },
    "node_modules/@types/marked": {
      "version": "4.3.2",
      "resolved": "https://registry.npmjs.org/@types/marked/-/marked-4.3.2.tgz",
      "integrity": "sha512-a79Yc3TOk6dGdituy8hmTTJXjOkZ7zsFYV10L337ttq/rec8lRMDBpV7fL3uLx6TgbFCa5DU/h8FmIBQPSbU0w==",
      "license": "MIT"
    },
    "node_modules/@types/turndown": {
      "version": "5.0.5",
      "resolved": "https://registry.npmjs.org/@types/turndown/-/turndown-5.0.5.tgz",
      "integrity": "sha512-TL2IgGgc7B5j78rIccBtlYAnkuv8nUQqhQc+DSYV5j9Be9XOcm/SKOVRuA47xAVI3680Tk9B1d8flK2GWT2+4w==",
      "license": "MIT"
    },
    "node_modules/blurhash": {
      "version": "2.0.5",
      "resolved": "https://registry.npmjs.org/blurhash/-/blurhash-2.0.5.tgz",
      "integrity": "sha512-cRygWd7kGBQO3VEhPiTgq4Wc43ctsM+o46urrmPOiuAe+07fzlSB9OJVdpgDL0jPqXUVQ9ht7aq7kxOeJHRK+w==",
      "license": "MIT"
    },
    "node_modules/ckeditor5": {
      "version": "45.2.1",
      "resolved": "https://registry.npmjs.org/ckeditor5/-/ckeditor5-45.2.1.tgz",
      "integrity": "sha512-fPFysHo71yQ2TUYsD+VpnjH9kjboHSKGCIPf4AhJQ+eQwopzsnFkNgdvYcGPfAP11bHTRLG5Ol0wWISFa1mwCQ==",
      "license": "SEE LICENSE IN LICENSE.md",
      "dependencies": {
        "@ckeditor/ckeditor5-adapter-ckfinder": "45.2.1",
        "@ckeditor/ckeditor5-alignment": "45.2.1",
        "@ckeditor/ckeditor5-autoformat": "45.2.1",
        "@ckeditor/ckeditor5-autosave": "45.2.1",
        "@ckeditor/ckeditor5-basic-styles": "45.2.1",
        "@ckeditor/ckeditor5-block-quote": "45.2.1",
        "@ckeditor/ckeditor5-bookmark": "45.2.1",
        "@ckeditor/ckeditor5-ckbox": "45.2.1",
        "@ckeditor/ckeditor5-ckfinder": "45.2.1",
        "@ckeditor/ckeditor5-clipboard": "45.2.1",
        "@ckeditor/ckeditor5-cloud-services": "45.2.1",
        "@ckeditor/ckeditor5-code-block": "45.2.1",
        "@ckeditor/ckeditor5-core": "45.2.1",
        "@ckeditor/ckeditor5-easy-image": "45.2.1",
        "@ckeditor/ckeditor5-editor-balloon": "45.2.1",
        "@ckeditor/ckeditor5-editor-classic": "45.2.1",
        "@ckeditor/ckeditor5-editor-decoupled": "45.2.1",
        "@ckeditor/ckeditor5-editor-inline": "45.2.1",
        "@ckeditor/ckeditor5-editor-multi-root": "45.2.1",
        "@ckeditor/ckeditor5-emoji": "45.2.1",
        "@ckeditor/ckeditor5-engine": "45.2.1",
        "@ckeditor/ckeditor5-enter": "45.2.1",
        "@ckeditor/ckeditor5-essentials": "45.2.1",
        "@ckeditor/ckeditor5-find-and-replace": "45.2.1",
        "@ckeditor/ckeditor5-font": "45.2.1",
        "@ckeditor/ckeditor5-fullscreen": "45.2.1",
        "@ckeditor/ckeditor5-heading": "45.2.1",
        "@ckeditor/ckeditor5-highlight": "45.2.1",
        "@ckeditor/ckeditor5-horizontal-line": "45.2.1",
        "@ckeditor/ckeditor5-html-embed": "45.2.1",
        "@ckeditor/ckeditor5-html-support": "45.2.1",
        "@ckeditor/ckeditor5-icons": "45.2.1",
        "@ckeditor/ckeditor5-image": "45.2.1",
        "@ckeditor/ckeditor5-indent": "45.2.1",
        "@ckeditor/ckeditor5-language": "45.2.1",
        "@ckeditor/ckeditor5-link": "45.2.1",
        "@ckeditor/ckeditor5-list": "45.2.1",
        "@ckeditor/ckeditor5-markdown-gfm": "45.2.1",
        "@ckeditor/ckeditor5-media-embed": "45.2.1",
        "@ckeditor/ckeditor5-mention": "45.2.1",
        "@ckeditor/ckeditor5-minimap": "45.2.1",
        "@ckeditor/ckeditor5-page-break": "45.2.1",
        "@ckeditor/ckeditor5-paragraph": "45.2.1",
        "@ckeditor/ckeditor5-paste-from-office": "45.2.1",
        "@ckeditor/ckeditor5-remove-format": "45.2.1",
        "@ckeditor/ckeditor5-restricted-editing": "45.2.1",
        "@ckeditor/ckeditor5-select-all": "45.2.1",
        "@ckeditor/ckeditor5-show-blocks": "45.2.1",
        "@ckeditor/ckeditor5-source-editing": "45.2.1",
        "@ckeditor/ckeditor5-special-characters": "45.2.1",
        "@ckeditor/ckeditor5-style": "45.2.1",
        "@ckeditor/ckeditor5-table": "45.2.1",
        "@ckeditor/ckeditor5-theme-lark": "45.2.1",
        "@ckeditor/ckeditor5-typing": "45.2.1",
        "@ckeditor/ckeditor5-ui": "45.2.1",
        "@ckeditor/ckeditor5-undo": "45.2.1",
        "@ckeditor/ckeditor5-upload": "45.2.1",
        "@ckeditor/ckeditor5-utils": "45.2.1",
        "@ckeditor/ckeditor5-watchdog": "45.2.1",
        "@ckeditor/ckeditor5-widget": "45.2.1",
        "@ckeditor/ckeditor5-word-count": "45.2.1"
      }
    },
    "node_modules/color-convert": {
      "version": "2.0.1",
      "resolved": "https://registry.npmjs.org/color-convert/-/color-convert-2.0.1.tgz",
      "integrity": "sha512-RRECPsj7iu/xb5oKYcsFHSppFNnsj/52OVTRKb4zP5onXwVF3zVmmToNcOfGC+CRDpfK/U584fMg38ZHCaElKQ==",
      "license": "MIT",
      "dependencies": {
        "color-name": "~1.1.4"
      },
      "engines": {
        "node": ">=7.0.0"
      }
    },
    "node_modules/color-name": {
      "version": "1.1.4",
      "resolved": "https://registry.npmjs.org/color-name/-/color-name-1.1.4.tgz",
      "integrity": "sha512-dOy+3AuW3a2wNbZHIuMZpTcgjGuLU/uBL/ubcZF9OXbDo8ff4O8yVp5Bf0efS8uEoYo5q4Fx7dY9OgQGXgAsQA==",
      "license": "MIT"
    },
    "node_modules/color-parse": {
      "version": "1.4.2",
      "resolved": "https://registry.npmjs.org/color-parse/-/color-parse-1.4.2.tgz",
      "integrity": "sha512-RI7s49/8yqDj3fECFZjUI1Yi0z/Gq1py43oNJivAIIDSyJiOZLfYCRQEgn8HEVAj++PcRe8AnL2XF0fRJ3BTnA==",
      "license": "MIT",
      "dependencies": {
        "color-name": "^1.0.0"
      }
    },
    "node_modules/dropzone": {
      "version": "6.0.0-beta.2",
      "resolved": "https://registry.npmjs.org/dropzone/-/dropzone-6.0.0-beta.2.tgz",
      "integrity": "sha512-k44yLuFFhRk53M8zP71FaaNzJYIzr99SKmpbO/oZKNslDjNXQsBTdfLs+iONd0U0L94zzlFzRnFdqbLcs7h9fQ==",
      "license": "MIT",
      "dependencies": {
        "@swc/helpers": "^0.2.13",
        "just-extend": "^5.0.0"
      }
    },
    "node_modules/es-toolkit": {
      "version": "1.32.0",
      "resolved": "https://registry.npmjs.org/es-toolkit/-/es-toolkit-1.32.0.tgz",
      "integrity": "sha512-ZfSfHP1l6ubgW/B/FRtqb9bYdMvI6jizbOSfbwwJNcOQ1QE6TFsC3jpQkZ900uUPSR3t3SU5Ds7UWKnYz+uP8Q==",
      "license": "MIT",
      "workspaces": [
        "docs",
        "benchmarks"
      ]
    },
    "node_modules/fuzzysort": {
      "version": "3.1.0",
      "resolved": "https://registry.npmjs.org/fuzzysort/-/fuzzysort-3.1.0.tgz",
      "integrity": "sha512-sR9BNCjBg6LNgwvxlBd0sBABvQitkLzoVY9MYYROQVX/FvfJ4Mai9LsGhDgd8qYdds0bY77VzYd5iuB+v5rwQQ==",
      "license": "MIT"
    },
    "node_modules/just-extend": {
      "version": "5.1.1",
      "resolved": "https://registry.npmjs.org/just-extend/-/just-extend-5.1.1.tgz",
      "integrity": "sha512-b+z6yF1d4EOyDgylzQo5IminlUmzSeqR1hs/bzjBNjuGras4FXq/6TrzjxfN0j+TmI0ltJzTNlqXUMCniciwKQ==",
      "license": "MIT"
    },
    "node_modules/marked": {
      "version": "4.0.12",
      "resolved": "https://registry.npmjs.org/marked/-/marked-4.0.12.tgz",
      "integrity": "sha512-hgibXWrEDNBWgGiK18j/4lkS6ihTe9sxtV4Q1OQppb/0zzyPSzoFANBa5MfsG/zgsWklmNnhm0XACZOH/0HBiQ==",
      "license": "MIT",
      "bin": {
        "marked": "bin/marked.js"
      },
      "engines": {
        "node": ">= 12"
      }
    },
    "node_modules/turndown": {
      "version": "7.2.0",
      "resolved": "https://registry.npmjs.org/turndown/-/turndown-7.2.0.tgz",
      "integrity": "sha512-eCZGBN4nNNqM9Owkv9HAtWRYfLA4h909E/WGAWWBpmB275ehNhZyk87/Tpvjbp0jjNl9XwCsbe6bm6CqFsgD+A==",
      "license": "MIT",
      "dependencies": {
        "@mixmark-io/domino": "^2.2.0"
      }
    },
    "node_modules/turndown-plugin-gfm": {
      "version": "1.0.2",
      "resolved": "https://registry.npmjs.org/turndown-plugin-gfm/-/turndown-plugin-gfm-1.0.2.tgz",
      "integrity": "sha512-vwz9tfvF7XN/jE0dGoBei3FXWuvll78ohzCZQuOb+ZjWrs3a0XhQVomJEb2Qh4VHTPNRO4GPZh0V7VRbiWwkRg==",
      "license": "MIT"
    },
    "node_modules/vanilla-colorful": {
      "version": "0.7.2",
      "resolved": "https://registry.npmjs.org/vanilla-colorful/-/vanilla-colorful-0.7.2.tgz",
      "integrity": "sha512-z2YZusTFC6KnLERx1cgoIRX2CjPRP0W75N+3CC6gbvdX5Ch47rZkEMGO2Xnf+IEmi3RiFLxS18gayMA27iU7Kg==",
      "license": "MIT"
    }
  }
}
